
Microsoft Visual Studio Solution File, Format Version 12.00
# Visual Studio Version 17
VisualStudioVersion = 17.0.32112.339
MinimumVisualStudioVersion = 10.0.40219.1
Project("{9A19103F-16F7-4668-BE54-9A1E7A4F7556}") = "AzureCloudLabEnvironment", "AzureCloudLabEnvironmentFunctionApp\AzureCloudLabEnvironment.csproj", "{64A25839-F4A3-4CBB-96E5-FC5DABB32311}"
EndProject
Project("{9A19103F-16F7-4668-BE54-9A1E7A4F7556}") = "LocalDevelopmentInitialization", "LocalDevelopmentInitialization\LocalDevelopmentInitialization.csproj", "{8A2FA731-6440-4093-ADDB-1D21EE485DD2}"
EndProject
Global
	GlobalSection(SolutionConfigurationPlatforms) = preSolution
		Debug|Any CPU = Debug|Any CPU
		Release|Any CPU = Release|Any CPU
	EndGlobalSection
	GlobalSection(ProjectConfigurationPlatforms) = postSolution
		{64A25839-F4A3-4CBB-96E5-FC5DABB32311}.Debug|Any CPU.ActiveCfg = Debug|Any CPU
		{64A25839-F4A3-4CBB-96E5-FC5DABB32311}.Debug|Any CPU.Build.0 = Debug|Any CPU
		{64A25839-F4A3-4CBB-96E5-FC5DABB32311}.Release|Any CPU.ActiveCfg = Release|Any CPU
		{64A25839-F4A3-4CBB-96E5-FC5DABB32311}.Release|Any CPU.Build.0 = Release|Any CPU
		{8A2FA731-6440-4093-ADDB-1D21EE485DD2}.Debug|Any CPU.ActiveCfg = Debug|Any CPU
		{8A2FA731-6440-4093-ADDB-1D21EE485DD2}.Debug|Any CPU.Build.0 = Debug|Any CPU
		{8A2FA731-6440-4093-ADDB-1D21EE485DD2}.Release|Any CPU.ActiveCfg = Release|Any CPU
		{8A2FA731-6440-4093-ADDB-1D21EE485DD2}.Release|Any CPU.Build.0 = Release|Any CPU
	EndGlobalSection
	GlobalSection(SolutionProperties) = preSolution
		HideSolutionNode = FALSE
	EndGlobalSection
	GlobalSection(ExtensibilityGlobals) = postSolution
		SolutionGuid = {5FC78AF6-430E-4797-9CFD-F66EDD03B94D}
	EndGlobalSection
EndGlobal
